PODS:
  - Bolts/Tasks (1.9.0)
  - Parse (1.17.3):
    - Parse/Core (= 1.17.3)
  - Parse/Core (1.17.3):
    - Bolts/Tasks (~> 1.9)
  - TGCore (0.1.0):
    - Parse (~> 1.17.3)

DEPENDENCIES:
  - Parse (~> 1.17.3)
  - TGCore (from `../`)

SPEC REPOS:
  trunk:
    - Bolts
    - Parse

EXTERNAL SOURCES:
  TGCore:
    :path: "../"

SPEC CHECKSUMS:
  Bolts: ac6567323eac61e203f6a9763667d0f711be34c8
  Parse: c1ad2a04d2cab2b54b6fb7da05f741abf2cf57d1
  TGCore: 66746b98f483a86372bc0fd4065ceb167762fefb

PODFILE CHECKSUM: 5e8fef51a4b1158b48098b7dfba12b347aa218c5

COCOAPODS: 1.8.4
